
Microsoft Visual Studio Solution File, Format Version 12.00
# Visual Studio Version 17
VisualStudioVersion = 17.3.32922.545
MinimumVisualStudioVersion = 10.0.40219.1
Project("{FAE04EC0-301F-11D3-BF4B-00C04F79EFBC}") = "MoviesLab", "MoviesLab\MoviesLab.csproj", "{BD64F6BE-470A-4FD0-B533-A4C15DDF4B2B}"
EndProject
Global
	GlobalSection(SolutionConfigurationPlatforms) = preSolution
		Debug|Any CPU = Debug|Any CPU
		Release|Any CPU = Release|Any CPU
	EndGlobalSection
	GlobalSection(ProjectConfigurationPlatforms) = postSolution
		{BD64F6BE-470A-4FD0-B533-A4C15DDF4B2B}.Debug|Any CPU.ActiveCfg = Debug|Any CPU
		{BD64F6BE-470A-4FD0-B533-A4C15DDF4B2B}.Debug|Any CPU.Build.0 = Debug|Any CPU
		{BD64F6BE-470A-4FD0-B533-A4C15DDF4B2B}.Release|Any CPU.ActiveCfg = Release|Any CPU
		{BD64F6BE-470A-4FD0-B533-A4C15DDF4B2B}.Release|Any CPU.Build.0 = Release|Any CPU
	EndGlobalSection
	GlobalSection(SolutionProperties) = preSolution
		HideSolutionNode = FALSE
	EndGlobalSection
	GlobalSection(ExtensibilityGlobals) = postSolution
		SolutionGuid = {F1AE4524-C0AC-4412-843C-E25922B84F7F}
	EndGlobalSection
EndGlobal
